<Solution>
  <Project Path="HandsForHire.API/HandsForHire.API.csproj" />
  <Project Path="HandsForHire.BusinessLayer/HandsForHire.BusinessLayer.csproj" />
  <Project Path="HandsForHire.DataAccess/HandsForHire.DataAccess.csproj" />
  <Project Path="HandsForHire.Domain/HandsForHire.Domain.csproj" />
</Solution>
